{
  "lockfileVersion": 2,
  "configVersion": 1,
  "workspaces": {
    "": {
      "dependencies": {
        "@types/canvas-confetti": "^1.9.0",
        "canvas-confetti": "^1.9.4",
      },
    },
  },
  "packages": {
    "@types/canvas-confetti": ["@types/canvas-confetti@1.9.0", "", {}, "sha512-aBGj/dULrimR1XDZLtG9JwxX1b4HPRF6CX9Yfwh3NvstZEm1ZL7RBnel4keCPSqs1ANRu1u2Aoz9R+VmtjYuTg=="],

    "canvas-confetti": ["canvas-confetti@1.9.4", "", {}, "sha512-yxQbJkAVrFXWNbTUjPqjF7G+g6pDotOUHGbkZq2NELZUMDpiJ85rIEazVb8GTaAptNW2miJAXbs1BtioA251Pw=="],
  }
}
